// !$*UTF8*$!
{
	archiveVersion = 1;
	classes = {
	};
	objectVersion = 56;
	objects = {

/* Begin PBXBuildFile section */
		698C923B299A882700036BB7 /* Sheet_item_content_ModalTransitionApp.swift in Sources */ = {isa = PBXBuildFile; fileRef = 698C923A299A882700036BB7 /* Sheet_item_content_ModalTransitionApp.swift */; };
		698C923D299A882700036BB7 /* ContentView.swift in Sources */ = {isa = PBXBuildFile; fileRef = 698C923C299A882700036BB7 /* ContentView.swift */; };
		698C923F299A882900036BB7 /* Assets.xcassets in Resources */ = {isa = PBXBuildFile; fileRef = 698C923E299A882900036BB7 /* Assets.xcassets */; };
		698C9242299A882900036BB7 /* Preview Assets.xcassets in Resources */ = {isa = PBXBuildFile; fileRef = 698C9241299A882900036BB7 /* Preview Assets.xcassets */; };
		698C924C299A882900036BB7 /* Sheet_item_content_ModalTransitionTests.swift in Sources */ = {isa = PBXBuildFile; fileRef = 698C924B299A882900036BB7 /* Sheet_item_content_ModalTransitionTests.swift */; };
		698C9256299A882900036BB7 /* Sheet_item_content_ModalTransitionUITests.swift in Sources */ = {isa = PBXBuildFile; fileRef = 698C9255299A882900036BB7 /* Sheet_item_content_ModalTransitionUITests.swift */; };
		698C9258299A882900036BB7 /* Sheet_item_content_ModalTransitionUITestsLaunchTests.swift in Sources */ = {isa = PBXBuildFile; fileRef = 698C9257299A882900036BB7 /* Sheet_item_content_ModalTransitionUITestsLaunchTests.swift */; };
/* End PBXBuildFile section */

/* Begin PBXContainerItemProxy section */
		698C9248299A882900036BB7 /* PBXContainerItemProxy */ = {
			isa = PBXContainerItemProxy;
			containerPortal = 698C922F299A882700036BB7 /* Project object */;
			proxyType = 1;
			remoteGlobalIDString = 698C9236299A882700036BB7;
			remoteInfo = "Sheet(item,content)ModalTransition";
		};
		698C9252299A882900036BB7 /* PBXContainerItemProxy */ = {
			isa = PBXContainerItemProxy;
			containerPortal = 698C922F299A882700036BB7 /* Project object */;
			proxyType = 1;
			remoteGlobalIDString = 698C9236299A882700036BB7;
			remoteInfo = "Sheet(item,content)ModalTransition";
		};
/* End PBXContainerItemProxy section */

/* Begin PBXFileReference section */
		698C9237299A882700036BB7 /* Sheet(item,content)ModalTransition.app */ = {isa = PBXFileReference; explicitFileType = wrapper.application; includeInIndex = 0; path = "Sheet(item,content)ModalTransition.app"; sourceTree = BUILT_PRODUCTS_DIR; };
		698C923A299A882700036BB7 /* Sheet_item_content_ModalTransitionApp.swift */ = {isa = PBXFileReference; lastKnownFileType = sourcecode.swift; path = Sheet_item_content_ModalTransitionApp.swift; sourceTree = "<group>"; };
		698C923C299A882700036BB7 /* ContentView.swift */ = {isa = PBXFileReference; lastKnownFileType = sourcecode.swift; path = ContentView.swift; sourceTree = "<group>"; };
		698C923E299A882900036BB7 /* Assets.xcassets */ = {isa = PBXFileReference; lastKnownFileType = folder.assetcatalog; path = Assets.xcassets; sourceTree = "<group>"; };
		698C9241299A882900036BB7 /* Preview Assets.xcassets */ = {isa = PBXFileReference; lastKnownFileType = folder.assetcatalog; path = "Preview Assets.xcassets"; sourceTree = "<group>"; };
		698C9247299A882900036BB7 /* Sheet(item,content)ModalTransitionTests.xctest */ = {isa = PBXFileReference; explicitFileType = wrapper.cfbundle; includeInIndex = 0; path = "Sheet(item,content)ModalTransitionTests.xctest"; sourceTree = BUILT_PRODUCTS_DIR; };
		698C924B299A882900036BB7 /* Sheet_item_content_ModalTransitionTests.swift */ = {isa = PBXFileReference; lastKnownFileType = sourcecode.swift; path = Sheet_item_content_ModalTransitionTests.swift; sourceTree = "<group>"; };
		698C9251299A882900036BB7 /* Sheet(item,content)ModalTransitionUITests.xctest */ = {isa = PBXFileReference; explicitFileType = wrapper.cfbundle; includeInIndex = 0; path = "Sheet(item,content)ModalTransitionUITests.xctest"; sourceTree = BUILT_PRODUCTS_DIR; };
		698C9255299A882900036BB7 /* Sheet_item_content_ModalTransitionUITests.swift */ = {isa = PBXFileReference; lastKnownFileType = sourcecode.swift; path = Sheet_item_content_ModalTransitionUITests.swift; sourceTree = "<group>"; };
		698C9257299A882900036BB7 /* Sheet_item_content_ModalTransitionUITestsLaunchTests.swift */ = {isa = PBXFileReference; lastKnownFileType = sourcecode.swift; path = Sheet_item_content_ModalTransitionUITestsLaunchTests.swift; sourceTree = "<group>"; };
/* End PBXFileReference section */

/* Begin PBXFrameworksBuildPhase section */
		698C9234299A882700036BB7 /* Frameworks */ = {
			isa = PBXFrameworksBuildPhase;
			buildActionMask = 2147483647;
			files = (
			);
			runOnlyForDeploymentPostprocessing = 0;
		};
		698C9244299A882900036BB7 /* Frameworks */ = {
			isa = PBXFrameworksBuildPhase;
			buildActionMask = 2147483647;
			files = (
			);
			runOnlyForDeploymentPostprocessing = 0;
		};
		698C924E299A882900036BB7 /* Frameworks */ = {
			isa = PBXFrameworksBuildPhase;
			buildActionMask = 2147483647;
			files = (
			);
			runOnlyForDeploymentPostprocessing = 0;
		};
/* End PBXFrameworksBuildPhase section */

/* Begin PBXGroup section */
		698C922E299A882700036BB7 = {
			isa = PBXGroup;
			children = (
				698C9239299A882700036BB7 /* Sheet(item,content)ModalTransition */,
				698C924A299A882900036BB7 /* Sheet(item,content)ModalTransitionTests */,
				698C9254299A882900036BB7 /* Sheet(item,content)ModalTransitionUITests */,
				698C9238299A882700036BB7 /* Products */,
			);
			sourceTree = "<group>";
		};
		698C9238299A882700036BB7 /* Products */ = {
			isa = PBXGroup;
			children = (
				698C9237299A882700036BB7 /* Sheet(item,content)ModalTransition.app */,
				698C9247299A882900036BB7 /* Sheet(item,content)ModalTransitionTests.xctest */,
				698C9251299A882900036BB7 /* Sheet(item,content)ModalTransitionUITests.xctest */,
			);
			name = Products;
			sourceTree = "<group>";
		};
		698C9239299A882700036BB7 /* Sheet(item,content)ModalTransition */ = {
			isa = PBXGroup;
			children = (
				698C923A299A882700036BB7 /* Sheet_item_content_ModalTransitionApp.swift */,
				698C923C299A882700036BB7 /* ContentView.swift */,
				698C923E299A882900036BB7 /* Assets.xcassets */,
				698C9240299A882900036BB7 /* Preview Content */,
			);
			path = "Sheet(item,content)ModalTransition";
			sourceTree = "<group>";
		};
		698C9240299A882900036BB7 /* Preview Content */ = {
			isa = PBXGroup;
			children = (
				698C9241299A882900036BB7 /* Preview Assets.xcassets */,
			);
			path = "Preview Content";
			sourceTree = "<group>";
		};
		698C924A299A882900036BB7 /* Sheet(item,content)ModalTransitionTests */ = {
			isa = PBXGroup;
			children = (
				698C924B299A882900036BB7 /* Sheet_item_content_ModalTransitionTests.swift */,
			);
			path = "Sheet(item,content)ModalTransitionTests";
			sourceTree = "<group>";
		};
		698C9254299A882900036BB7 /* Sheet(item,content)ModalTransitionUITests */ = {
			isa = PBXGroup;
			children = (
				698C9255299A882900036BB7 /* Sheet_item_content_ModalTransitionUITests.swift */,
				698C9257299A882900036BB7 /* Sheet_item_content_ModalTransitionUITestsLaunchTests.swift */,
			);
			path = "Sheet(item,content)ModalTransitionUITests";
			sourceTree = "<group>";
		};
/* End PBXGroup section */

/* Begin PBXNativeTarget section */
		698C9236299A882700036BB7 /* Sheet(item,content)ModalTransition */ = {
			isa = PBXNativeTarget;
			buildConfigurationList = 698C925B299A882900036BB7 /* Build configuration list for PBXNativeTarget "Sheet(item,content)ModalTransition" */;
			buildPhases = (
				698C9233299A882700036BB7 /* Sources */,
				698C9234299A882700036BB7 /* Frameworks */,
				698C9235299A882700036BB7 /* Resources */,
			);
			buildRules = (
			);
			dependencies = (
			);
			name = "Sheet(item,content)ModalTransition";
			productName = "Sheet(item,content)ModalTransition";
			productReference = 698C9237299A882700036BB7 /* Sheet(item,content)ModalTransition.app */;
			productType = "com.apple.product-type.application";
		};
		698C9246299A882900036BB7 /* Sheet(item,content)ModalTransitionTests */ = {
			isa = PBXNativeTarget;
			buildConfigurationList = 698C925E299A882900036BB7 /* Build configuration list for PBXNativeTarget "Sheet(item,content)ModalTransitionTests" */;
			buildPhases = (
				698C9243299A882900036BB7 /* Sources */,
				698C9244299A882900036BB7 /* Frameworks */,
				698C9245299A882900036BB7 /* Resources */,
			);
			buildRules = (
			);
			dependencies = (
				698C9249299A882900036BB7 /* PBXTargetDependency */,
			);
			name = "Sheet(item,content)ModalTransitionTests";
			productName = "Sheet(item,content)ModalTransitionTests";
			productReference = 698C9247299A882900036BB7 /* Sheet(item,content)ModalTransitionTests.xctest */;
			productType = "com.apple.product-type.bundle.unit-test";
		};
		698C9250299A882900036BB7 /* Sheet(item,content)ModalTransitionUITests */ = {
			isa = PBXNativeTarget;
			buildConfigurationList = 698C9261299A882900036BB7 /* Build configuration list for PBXNativeTarget "Sheet(item,content)ModalTransitionUITests" */;
			buildPhases = (
				698C924D299A882900036BB7 /* Sources */,
				698C924E299A882900036BB7 /* Frameworks */,
				698C924F299A882900036BB7 /* Resources */,
			);
			buildRules = (
			);
			dependencies = (
				698C9253299A882900036BB7 /* PBXTargetDependency */,
			);
			name = "Sheet(item,content)ModalTransitionUITests";
			productName = "Sheet(item,content)ModalTransitionUITests";
			productReference = 698C9251299A882900036BB7 /* Sheet(item,content)ModalTransitionUITests.xctest */;
			productType = "com.apple.product-type.bundle.ui-testing";
		};
/* End PBXNativeTarget section */

/* Begin PBXProject section */
		698C922F299A882700036BB7 /* Project object */ = {
			isa = PBXProject;
			attributes = {
				BuildIndependentTargetsInParallel = 1;
				LastSwiftUpdateCheck = 1420;
				LastUpgradeCheck = 1420;
				TargetAttributes = {
					698C9236299A882700036BB7 = {
						CreatedOnToolsVersion = 14.2;
					};
					698C9246299A882900036BB7 = {
						CreatedOnToolsVersion = 14.2;
						TestTargetID = 698C9236299A882700036BB7;
					};
					698C9250299A882900036BB7 = {
						CreatedOnToolsVersion = 14.2;
						TestTargetID = 698C9236299A882700036BB7;
					};
				};
			};
			buildConfigurationList = 698C9232299A882700036BB7 /* Build configuration list for PBXProject "Sheet(item,content)ModalTransition" */;
			compatibilityVersion = "Xcode 14.0";
			developmentRegion = en;
			hasScannedForEncodings = 0;
			knownRegions = (
				en,
				Base,
			);
			mainGroup = 698C922E299A882700036BB7;
			productRefGroup = 698C9238299A882700036BB7 /* Products */;
			projectDirPath = "";
			projectRoot = "";
			targets = (
				698C9236299A882700036BB7 /* Sheet(item,content)ModalTransition */,
				698C9246299A882900036BB7 /* Sheet(item,content)ModalTransitionTests */,
				698C9250299A882900036BB7 /* Sheet(item,content)ModalTransitionUITests */,
			);
		};
/* End PBXProject section */

/* Begin PBXResourcesBuildPhase section */
		698C9235299A882700036BB7 /* Resources */ = {
			isa = PBXResourcesBuildPhase;
			buildActionMask = 2147483647;
			files = (
				698C9242299A882900036BB7 /* Preview Assets.xcassets in Resources */,
				698C923F299A882900036BB7 /* Assets.xcassets in Resources */,
			);
			runOnlyForDeploymentPostprocessing = 0;
		};
		698C9245299A882900036BB7 /* Resources */ = {
			isa = PBXResourcesBuildPhase;
			buildActionMask = 2147483647;
			files = (
			);
			runOnlyForDeploymentPostprocessing = 0;
		};
		698C924F299A882900036BB7 /* Resources */ = {
			isa = PBXResourcesBuildPhase;
			buildActionMask = 2147483647;
			files = (
			);
			runOnlyForDeploymentPostprocessing = 0;
		};
/* End PBXResourcesBuildPhase section */

/* Begin PBXSourcesBuildPhase section */
		698C9233299A882700036BB7 /* Sources */ = {
			isa = PBXSourcesBuildPhase;
			buildActionMask = 2147483647;
			files = (
				698C923D299A882700036BB7 /* ContentView.swift in Sources */,
				698C923B299A882700036BB7 /* Sheet_item_content_ModalTransitionApp.swift in Sources */,
			);
			runOnlyForDeploymentPostprocessing = 0;
		};
		698C9243299A882900036BB7 /* Sources */ = {
			isa = PBXSourcesBuildPhase;
			buildActionMask = 2147483647;
			files = (
				698C924C299A882900036BB7 /* Sheet_item_content_ModalTransitionTests.swift in Sources */,
			);
			runOnlyForDeploymentPostprocessing = 0;
		};
		698C924D299A882900036BB7 /* Sources */ = {
			isa = PBXSourcesBuildPhase;
			buildActionMask = 2147483647;
			files = (
				698C9258299A882900036BB7 /* Sheet_item_content_ModalTransitionUITestsLaunchTests.swift in Sources */,
				698C9256299A882900036BB7 /* Sheet_item_content_ModalTransitionUITests.swift in Sources */,
			);
			runOnlyForDeploymentPostprocessing = 0;
		};
/* End PBXSourcesBuildPhase section */

/* Begin PBXTargetDependency section */
		698C9249299A882900036BB7 /* PBXTargetDependency */ = {
			isa = PBXTargetDependency;
			target = 698C9236299A882700036BB7 /* Sheet(item,content)ModalTransition */;
			targetProxy = 698C9248299A882900036BB7 /* PBXContainerItemProxy */;
		};
		698C9253299A882900036BB7 /* PBXTargetDependency */ = {
			isa = PBXTargetDependency;
			target = 698C9236299A882700036BB7 /* Sheet(item,content)ModalTransition */;
			targetProxy = 698C9252299A882900036BB7 /* PBXContainerItemProxy */;
		};
/* End PBXTargetDependency section */

/* Begin XCBuildConfiguration section */
		698C9259299A882900036BB7 /* Debug */ = {
			isa = XCBuildConfiguration;
			buildSettings = {
				ALWAYS_SEARCH_USER_PATHS = NO;
				CLANG_ANALYZER_NONNULL = YES;
				CLANG_ANALYZER_NUMBER_OBJECT_CONVERSION = YES_AGGRESSIVE;
				CLANG_CXX_LANGUAGE_STANDARD = "gnu++20";
				CLANG_ENABLE_MODULES = YES;
				CLANG_ENABLE_OBJC_ARC = YES;
				CLANG_ENABLE_OBJC_WEAK = YES;
				CLANG_WARN_BLOCK_CAPTURE_AUTORELEASING = YES;
				CLANG_WARN_BOOL_CONVERSION = YES;
				CLANG_WARN_COMMA = YES;
				CLANG_WARN_CONSTANT_CONVERSION = YES;
				CLANG_WARN_DEPRECATED_OBJC_IMPLEMENTATIONS = YES;
				CLANG_WARN_DIRECT_OBJC_ISA_USAGE = YES_ERROR;
				CLANG_WARN_DOCUMENTATION_COMMENTS = YES;
				CLANG_WARN_EMPTY_BODY = YES;
				CLANG_WARN_ENUM_CONVERSION = YES;
				CLANG_WARN_INFINITE_RECURSION = YES;
				CLANG_WARN_INT_CONVERSION = YES;
				CLANG_WARN_NON_LITERAL_NULL_CONVERSION = YES;
				CLANG_WARN_OBJC_IMPLICIT_RETAIN_SELF = YES;
				CLANG_WARN_OBJC_LITERAL_CONVERSION = YES;
				CLANG_WARN_OBJC_ROOT_CLASS = YES_ERROR;
				CLANG_WARN_QUOTED_INCLUDE_IN_FRAMEWORK_HEADER = YES;
				CLANG_WARN_RANGE_LOOP_ANALYSIS = YES;
				CLANG_WARN_STRICT_PROTOTYPES = YES;
				CLANG_WARN_SUSPICIOUS_MOVE = YES;
				CLANG_WARN_UNGUARDED_AVAILABILITY = YES_AGGRESSIVE;
				CLANG_WARN_UNREACHABLE_CODE = YES;
				CLANG_WARN__DUPLICATE_METHOD_MATCH = YES;
				COPY_PHASE_STRIP = NO;
				DEBUG_INFORMATION_FORMAT = dwarf;
				ENABLE_STRICT_OBJC_MSGSEND = YES;
				ENABLE_TESTABILITY = YES;
				GCC_C_LANGUAGE_STANDARD = gnu11;
				GCC_DYNAMIC_NO_PIC = NO;
				GCC_NO_COMMON_BLOCKS = YES;
				GCC_OPTIMIZATION_LEVEL = 0;
				GCC_PREPROCESSOR_DEFINITIONS = (
					"DEBUG=1",
					"$(inherited)",
				);
				GCC_WARN_64_TO_32_BIT_CONVERSION = YES;
				GCC_WARN_ABOUT_RETURN_TYPE = YES_ERROR;
				GCC_WARN_UNDECLARED_SELECTOR = YES;
				GCC_WARN_UNINITIALIZED_AUTOS = YES_AGGRESSIVE;
				GCC_WARN_UNUSED_FUNCTION = YES;
				GCC_WARN_UNUSED_VARIABLE = YES;
				IPHONEOS_DEPLOYMENT_TARGET = 16.2;
				MTL_ENABLE_DEBUG_INFO = INCLUDE_SOURCE;
				MTL_FAST_MATH = YES;
				ONLY_ACTIVE_ARCH = YES;
				SDKROOT = iphoneos;
				SWIFT_ACTIVE_COMPILATION_CONDITIONS = DEBUG;
				SWIFT_OPTIMIZATION_LEVEL = "-Onone";
			};
			name = Debug;
		};
		698C925A299A882900036BB7 /* Release */ = {
			isa = XCBuildConfiguration;
			buildSettings = {
				ALWAYS_SEARCH_USER_PATHS = NO;
				CLANG_ANALYZER_NONNULL = YES;
				CLANG_ANALYZER_NUMBER_OBJECT_CONVERSION = YES_AGGRESSIVE;
				CLANG_CXX_LANGUAGE_STANDARD = "gnu++20";
				CLANG_ENABLE_MODULES = YES;
				CLANG_ENABLE_OBJC_ARC = YES;
				CLANG_ENABLE_OBJC_WEAK = YES;
				CLANG_WARN_BLOCK_CAPTURE_AUTORELEASING = YES;
				CLANG_WARN_BOOL_CONVERSION = YES;
				CLANG_WARN_COMMA = YES;
				CLANG_WARN_CONSTANT_CONVERSION = YES;
				CLANG_WARN_DEPRECATED_OBJC_IMPLEMENTATIONS = YES;
				CLANG_WARN_DIRECT_OBJC_ISA_USAGE = YES_ERROR;
				CLANG_WARN_DOCUMENTATION_COMMENTS = YES;
				CLANG_WARN_EMPTY_BODY = YES;
				CLANG_WARN_ENUM_CONVERSION = YES;
				CLANG_WARN_INFINITE_RECURSION = YES;
				CLANG_WARN_INT_CONVERSION = YES;
				CLANG_WARN_NON_LITERAL_NULL_CONVERSION = YES;
				CLANG_WARN_OBJC_IMPLICIT_RETAIN_SELF = YES;
				CLANG_WARN_OBJC_LITERAL_CONVERSION = YES;
				CLANG_WARN_OBJC_ROOT_CLASS = YES_ERROR;
				CLANG_WARN_QUOTED_INCLUDE_IN_FRAMEWORK_HEADER = YES;
				CLANG_WARN_RANGE_LOOP_ANALYSIS = YES;
				CLANG_WARN_STRICT_PROTOTYPES = YES;
				CLANG_WARN_SUSPICIOUS_MOVE = YES;
				CLANG_WARN_UNGUARDED_AVAILABILITY = YES_AGGRESSIVE;
				CLANG_WARN_UNREACHABLE_CODE = YES;
				CLANG_WARN__DUPLICATE_METHOD_MATCH = YES;
				COPY_PHASE_STRIP = NO;
				DEBUG_INFORMATION_FORMAT = "dwarf-with-dsym";
				ENABLE_NS_ASSERTIONS = NO;
				ENABLE_STRICT_OBJC_MSGSEND = YES;
				GCC_C_LANGUAGE_STANDARD = gnu11;
				GCC_NO_COMMON_BLOCKS = YES;
				GCC_WARN_64_TO_32_BIT_CONVERSION = YES;
				GCC_WARN_ABOUT_RETURN_TYPE = YES_ERROR;
				GCC_WARN_UNDECLARED_SELECTOR = YES;
				GCC_WARN_UNINITIALIZED_AUTOS = YES_AGGRESSIVE;
				GCC_WARN_UNUSED_FUNCTION = YES;
				GCC_WARN_UNUSED_VARIABLE = YES;
				IPHONEOS_DEPLOYMENT_TARGET = 16.2;
				MTL_ENABLE_DEBUG_INFO = NO;
				MTL_FAST_MATH = YES;
				SDKROOT = iphoneos;
				SWIFT_COMPILATION_MODE = wholemodule;
				SWIFT_OPTIMIZATION_LEVEL = "-O";
				VALIDATE_PRODUCT = YES;
			};
			name = Release;
		};
		698C925C299A882900036BB7 /* Debug */ = {
			isa = XCBuildConfiguration;
			buildSettings = {
				ASSETCATALOG_COMPILER_APPICON_NAME = AppIcon;
				ASSETCATALOG_COMPILER_GLOBAL_ACCENT_COLOR_NAME = AccentColor;
				CODE_SIGN_STYLE = Automatic;
				CURRENT_PROJECT_VERSION = 1;
				DEVELOPMENT_ASSET_PATHS = "\"Sheet(item,content)ModalTransition/Preview Content\"";
				ENABLE_PREVIEWS = YES;
				GENERATE_INFOPLIST_FILE = YES;
				INFOPLIST_KEY_UIApplicationSceneManifest_Generation = YES;
				INFOPLIST_KEY_UIApplicationSupportsIndirectInputEvents = YES;
				INFOPLIST_KEY_UILaunchScreen_Generation = YES;
				INFOPLIST_KEY_UISupportedInterfaceOrientations_iPad = "UIInterfaceOrientationPortrait UIInterfaceOrientationPortraitUpsideDown UIInterfaceOrientationLandscapeLeft UIInterfaceOrientationLandscapeRight";
				INFOPLIST_KEY_UISupportedInterfaceOrientations_iPhone = "UIInterfaceOrientationPortrait UIInterfaceOrientationLandscapeLeft UIInterfaceOrientationLandscapeRight";
				LD_RUNPATH_SEARCH_PATHS = (
					"$(inherited)",
					"@executable_path/Frameworks",
				);
				MARKETING_VERSION = 1.0;
				PRODUCT_BUNDLE_IDENTIFIER = "com.sako.Sheet-item-content-ModalTransition";
				PRODUCT_NAME = "$(TARGET_NAME)";
				SWIFT_EMIT_LOC_STRINGS = YES;
				SWIFT_VERSION = 5.0;
				TARGETED_DEVICE_FAMILY = "1,2";
			};
			name = Debug;
		};
		698C925D299A882900036BB7 /* Release */ = {
			isa = XCBuildConfiguration;
			buildSettings = {
				ASSETCATALOG_COMPILER_APPICON_NAME = AppIcon;
				ASSETCATALOG_COMPILER_GLOBAL_ACCENT_COLOR_NAME = AccentColor;
				CODE_SIGN_STYLE = Automatic;
				CURRENT_PROJECT_VERSION = 1;
				DEVELOPMENT_ASSET_PATHS = "\"Sheet(item,content)ModalTransition/Preview Content\"";
				ENABLE_PREVIEWS = YES;
				GENERATE_INFOPLIST_FILE = YES;
				INFOPLIST_KEY_UIApplicationSceneManifest_Generation = YES;
				INFOPLIST_KEY_UIApplicationSupportsIndirectInputEvents = YES;
				INFOPLIST_KEY_UILaunchScreen_Generation = YES;
				INFOPLIST_KEY_UISupportedInterfaceOrientations_iPad = "UIInterfaceOrientationPortrait UIInterfaceOrientationPortraitUpsideDown UIInterfaceOrientationLandscapeLeft UIInterfaceOrientationLandscapeRight";
				INFOPLIST_KEY_UISupportedInterfaceOrientations_iPhone = "UIInterfaceOrientationPortrait UIInterfaceOrientationLandscapeLeft UIInterfaceOrientationLandscapeRight";
				LD_RUNPATH_SEARCH_PATHS = (
					"$(inherited)",
					"@executable_path/Frameworks",
				);
				MARKETING_VERSION = 1.0;
				PRODUCT_BUNDLE_IDENTIFIER = "com.sako.Sheet-item-content-ModalTransition";
				PRODUCT_NAME = "$(TARGET_NAME)";
				SWIFT_EMIT_LOC_STRINGS = YES;
				SWIFT_VERSION = 5.0;
				TARGETED_DEVICE_FAMILY = "1,2";
			};
			name = Release;
		};
		698C925F299A882900036BB7 /* Debug */ = {
			isa = XCBuildConfiguration;
			buildSettings = {
				ALWAYS_EMBED_SWIFT_STANDARD_LIBRARIES = YES;
				BUNDLE_LOADER = "$(TEST_HOST)";
				CODE_SIGN_STYLE = Automatic;
				CURRENT_PROJECT_VERSION = 1;
				GENERATE_INFOPLIST_FILE = YES;
				IPHONEOS_DEPLOYMENT_TARGET = 16.2;
				MARKETING_VERSION = 1.0;
				PRODUCT_BUNDLE_IDENTIFIER = "com.sako.Sheet-item-content-ModalTransitionTests";
				PRODUCT_NAME = "$(TARGET_NAME)";
				SWIFT_EMIT_LOC_STRINGS = NO;
				SWIFT_VERSION = 5.0;
				TARGETED_DEVICE_FAMILY = "1,2";
				TEST_HOST = "$(BUILT_PRODUCTS_DIR)/Sheet(item,content)ModalTransition.app/$(BUNDLE_EXECUTABLE_FOLDER_PATH)/Sheet(item,content)ModalTransition";
			};
			name = Debug;
		};
		698C9260299A882900036BB7 /* Release */ = {
			isa = XCBuildConfiguration;
			buildSettings = {
				ALWAYS_EMBED_SWIFT_STANDARD_LIBRARIES = YES;
				BUNDLE_LOADER = "$(TEST_HOST)";
				CODE_SIGN_STYLE = Automatic;
				CURRENT_PROJECT_VERSION = 1;
				GENERATE_INFOPLIST_FILE = YES;
				IPHONEOS_DEPLOYMENT_TARGET = 16.2;
				MARKETING_VERSION = 1.0;
				PRODUCT_BUNDLE_IDENTIFIER = "com.sako.Sheet-item-content-ModalTransitionTests";
				PRODUCT_NAME = "$(TARGET_NAME)";
				SWIFT_EMIT_LOC_STRINGS = NO;
				SWIFT_VERSION = 5.0;
				TARGETED_DEVICE_FAMILY = "1,2";
				TEST_HOST = "$(BUILT_PRODUCTS_DIR)/Sheet(item,content)ModalTransition.app/$(BUNDLE_EXECUTABLE_FOLDER_PATH)/Sheet(item,content)ModalTransition";
			};
			name = Release;
		};
		698C9262299A882900036BB7 /* Debug */ = {
			isa = XCBuildConfiguration;
			buildSettings = {
				ALWAYS_EMBED_SWIFT_STANDARD_LIBRARIES = YES;
				CODE_SIGN_STYLE = Automatic;
				CURRENT_PROJECT_VERSION = 1;
				GENERATE_INFOPLIST_FILE = YES;
				MARKETING_VERSION = 1.0;
				PRODUCT_BUNDLE_IDENTIFIER = "com.sako.Sheet-item-content-ModalTransitionUITests";
				PRODUCT_NAME = "$(TARGET_NAME)";
				SWIFT_EMIT_LOC_STRINGS = NO;
				SWIFT_VERSION = 5.0;
				TARGETED_DEVICE_FAMILY = "1,2";
				TEST_TARGET_NAME = "Sheet(item,content)ModalTransition";
			};
			name = Debug;
		};
		698C9263299A882900036BB7 /* Release */ = {
			isa = XCBuildConfiguration;
			buildSettings = {
				ALWAYS_EMBED_SWIFT_STANDARD_LIBRARIES = YES;
				CODE_SIGN_STYLE = Automatic;
				CURRENT_PROJECT_VERSION = 1;
				GENERATE_INFOPLIST_FILE = YES;
				MARKETING_VERSION = 1.0;
				PRODUCT_BUNDLE_IDENTIFIER = "com.sako.Sheet-item-content-ModalTransitionUITests";
				PRODUCT_NAME = "$(TARGET_NAME)";
				SWIFT_EMIT_LOC_STRINGS = NO;
				SWIFT_VERSION = 5.0;
				TARGETED_DEVICE_FAMILY = "1,2";
				TEST_TARGET_NAME = "Sheet(item,content)ModalTransition";
			};
			name = Release;
		};
/* End XCBuildConfiguration section */

/* Begin XCConfigurationList section */
		698C9232299A882700036BB7 /* Build configuration list for PBXProject "Sheet(item,content)ModalTransition" */ = {
			isa = XCConfigurationList;
			buildConfigurations = (
				698C9259299A882900036BB7 /* Debug */,
				698C925A299A882900036BB7 /* Release */,
			);
			defaultConfigurationIsVisible = 0;
			defaultConfigurationName = Release;
		};
		698C925B299A882900036BB7 /* Build configuration list for PBXNativeTarget "Sheet(item,content)ModalTransition" */ = {
			isa = XCConfigurationList;
			buildConfigurations = (
				698C925C299A882900036BB7 /* Debug */,
				698C925D299A882900036BB7 /* Release */,
			);
			defaultConfigurationIsVisible = 0;
			defaultConfigurationName = Release;
		};
		698C925E299A882900036BB7 /* Build configuration list for PBXNativeTarget "Sheet(item,content)ModalTransitionTests" */ = {
			isa = XCConfigurationList;
			buildConfigurations = (
				698C925F299A882900036BB7 /* Debug */,
				698C9260299A882900036BB7 /* Release */,
			);
			defaultConfigurationIsVisible = 0;
			defaultConfigurationName = Release;
		};
		698C9261299A882900036BB7 /* Build configuration list for PBXNativeTarget "Sheet(item,content)ModalTransitionUITests" */ = {
			isa = XCConfigurationList;
			buildConfigurations = (
				698C9262299A882900036BB7 /* Debug */,
				698C9263299A882900036BB7 /* Release */,
			);
			defaultConfigurationIsVisible = 0;
			defaultConfigurationName = Release;
		};
/* End XCConfigurationList section */
	};
	rootObject = 698C922F299A882700036BB7 /* Project object */;
}
